{
  "nodes": {
    "jail-nix": {
      "locked": {
        "lastModified": 1776230864,
        "narHash": "sha256-YsEjjdOsGEzTeD+iT7ONh071BqWAOQWpzYVei3okAXE=",
        "ref": "refs/heads/main",
        "rev": "404e7da9da5ab9aa643666682b2ba1312fa5fbe8",
        "revCount": 116,
        "type": "git",
        "url": "https://git.sr.ht/~alexdavid/jail.nix"
      },
      "original": {
        "type": "git",
        "url": "https://git.sr.ht/~alexdavid/jail.nix"
      }
    },
    "nixpkgs": {
      "locked": {
        "lastModified": 1782723713,
        "narHash": "sha256-oPXCU/SSUokcGaJREHibG1CBX3+s/W7orDWQOZDsEeQ=",
        "owner": "NixOS",
        "repo": "nixpkgs",
        "rev": "b5aa0fbd538984f6e3d201be0005b4463d8b09f8",
        "type": "github"
      },
      "original": {
        "owner": "NixOS",
        "ref": "nixos-unstable",
        "repo": "nixpkgs",
        "type": "github"
      }
    },
    "root": {
      "inputs": {
        "jail-nix": "jail-nix",
        "nixpkgs": "nixpkgs"
      }
    }
  },
  "root": "root",
  "version": 7
}
